
Microsoft Visual Studio Solution File, Format Version 12.00
# Visual Studio Version 16
VisualStudioVersion = 16.0.31025.194
MinimumVisualStudioVersion = 10.0.40219.1
Project("{9A19103F-16F7-4668-BE54-9A1E7A4F7556}") = "Agenda", "Agenda\Agenda.csproj", "{C61E2A64-C214-4824-ABB0-00F5326244D2}"
EndProject
Project("{FAE04EC0-301F-11D3-BF4B-00C04F79EFBC}") = "Domain", "Domain\Domain.csproj", "{A6DBB20E-5F47-40B6-8A63-84FE96888631}"
EndProject
Project("{FAE04EC0-301F-11D3-BF4B-00C04F79EFBC}") = "Common", "Common\Common.csproj", "{50C3268D-DB90-4118-94BC-6C2B8EF3AFD5}"
EndProject
Global
	GlobalSection(SolutionConfigurationPlatforms) = preSolution
		Debug|Any CPU = Debug|Any CPU
		Release|Any CPU = Release|Any CPU
	EndGlobalSection
	GlobalSection(ProjectConfigurationPlatforms) = postSolution
		{C61E2A64-C214-4824-ABB0-00F5326244D2}.Debug|Any CPU.ActiveCfg = Debug|Any CPU
		{C61E2A64-C214-4824-ABB0-00F5326244D2}.Debug|Any CPU.Build.0 = Debug|Any CPU
		{C61E2A64-C214-4824-ABB0-00F5326244D2}.Release|Any CPU.ActiveCfg = Release|Any CPU
		{C61E2A64-C214-4824-ABB0-00F5326244D2}.Release|Any CPU.Build.0 = Release|Any CPU
		{A6DBB20E-5F47-40B6-8A63-84FE96888631}.Debug|Any CPU.ActiveCfg = Debug|Any CPU
		{A6DBB20E-5F47-40B6-8A63-84FE96888631}.Debug|Any CPU.Build.0 = Debug|Any CPU
		{A6DBB20E-5F47-40B6-8A63-84FE96888631}.Release|Any CPU.ActiveCfg = Release|Any CPU
		{A6DBB20E-5F47-40B6-8A63-84FE96888631}.Release|Any CPU.Build.0 = Release|Any CPU
		{50C3268D-DB90-4118-94BC-6C2B8EF3AFD5}.Debug|Any CPU.ActiveCfg = Debug|Any CPU
		{50C3268D-DB90-4118-94BC-6C2B8EF3AFD5}.Debug|Any CPU.Build.0 = Debug|Any CPU
		{50C3268D-DB90-4118-94BC-6C2B8EF3AFD5}.Release|Any CPU.ActiveCfg = Release|Any CPU
		{50C3268D-DB90-4118-94BC-6C2B8EF3AFD5}.Release|Any CPU.Build.0 = Release|Any CPU
	EndGlobalSection
	GlobalSection(SolutionProperties) = preSolution
		HideSolutionNode = FALSE
	EndGlobalSection
	GlobalSection(ExtensibilityGlobals) = postSolution
		SolutionGuid = {8C6F2EE1-DD24-4170-B65F-0E80C51CF630}
	EndGlobalSection
EndGlobal
